// !$*UTF8*$!
{
	archiveVersion = 1;
	classes = {
	};
	objectVersion = 46;
	objects = {

/* Begin PBXBuildFile section */
		C8CD13B4161A8CE300F0AFF9 /* UIKit.framework in Frameworks */ = {isa = PBXBuildFile; fileRef = C8CD13B3161A8CE300F0AFF9 /* UIKit.framework */; };
		C8CD13B6161A8CE300F0AFF9 /* Foundation.framework in Frameworks */ = {isa = PBXBuildFile; fileRef = C8CD13B5161A8CE300F0AFF9 /* Foundation.framework */; };
		C8CD13B8161A8CE300F0AFF9 /* CoreGraphics.framework in Frameworks */ = {isa = PBXBuildFile; fileRef = C8CD13B7161A8CE300F0AFF9 /* CoreGraphics.framework */; };
		C8CD13BE161A8CE300F0AFF9 /* InfoPlist.strings in Resources */ = {isa = PBXBuildFile; fileRef = C8CD13BC161A8CE300F0AFF9 /* InfoPlist.strings */; };
		C8CD13C0161A8CE300F0AFF9 /* main.m in Sources */ = {isa = PBXBuildFile; fileRef = C8CD13BF161A8CE300F0AFF9 /* main.m */; };
		C8CD13C4161A8CE300F0AFF9 /* RCAppDelegate.m in Sources */ = {isa = PBXBuildFile; fileRef = C8CD13C3161A8CE300F0AFF9 /* RCAppDelegate.m */; };
		C8CD13C6161A8CE300F0AFF9 /* Default.png in Resources */ = {isa = PBXBuildFile; fileRef = C8CD13C5161A8CE300F0AFF9 /* Default.png */; };
		C8CD13C8161A8CE300F0AFF9 /* Default@2x.png in Resources */ = {isa = PBXBuildFile; fileRef = C8CD13C7161A8CE300F0AFF9 /* Default@2x.png */; };
		C8CD13CA161A8CE300F0AFF9 /* Default-568h@2x.png in Resources */ = {isa = PBXBuildFile; fileRef = C8CD13C9161A8CE300F0AFF9 /* Default-568h@2x.png */; };
		C8CD13CD161A8CE300F0AFF9 /* RCViewController.m in Sources */ = {isa = PBXBuildFile; fileRef = C8CD13CC161A8CE300F0AFF9 /* RCViewController.m */; };
		C8CD13D0161A8CE300F0AFF9 /* RCViewController.xib in Resources */ = {isa = PBXBuildFile; fileRef = C8CD13CE161A8CE300F0AFF9 /* RCViewController.xib */; };
		C8CD13D8161A8CE400F0AFF9 /* SenTestingKit.framework in Frameworks */ = {isa = PBXBuildFile; fileRef = C8CD13D7161A8CE400F0AFF9 /* SenTestingKit.framework */; };
		C8CD13D9161A8CE400F0AFF9 /* UIKit.framework in Frameworks */ = {isa = PBXBuildFile; fileRef = C8CD13B3161A8CE300F0AFF9 /* UIKit.framework */; };
		C8CD13DA161A8CE400F0AFF9 /* Foundation.framework in Frameworks */ = {isa = PBXBuildFile; fileRef = C8CD13B5161A8CE300F0AFF9 /* Foundation.framework */; };
		C8CD13E2161A8CE400F0AFF9 /* InfoPlist.strings in Resources */ = {isa = PBXBuildFile; fileRef = C8CD13E0161A8CE400F0AFF9 /* InfoPlist.strings */; };
		C8CD13E5161A8CE400F0AFF9 /* RCLibraryTests.m in Sources */ = {isa = PBXBuildFile; fileRef = C8CD13E4161A8CE400F0AFF9 /* RCLibraryTests.m */; };
/* End PBXBuildFile section */

/* Begin PBXContainerItemProxy section */
		C8CD13DB161A8CE400F0AFF9 /* PBXContainerItemProxy */ = {
			isa = PBXContainerItemProxy;
			containerPortal = C8CD13A6161A8CE300F0AFF9 /* Project object */;
			proxyType = 1;
			remoteGlobalIDString = C8CD13AE161A8CE300F0AFF9;
			remoteInfo = RCLibrary;
		};
/* End PBXContainerItemProxy section */

/* Begin PBXFileReference section */
		C8CD13AF161A8CE300F0AFF9 /* RCLibrary.app */ = {isa = PBXFileReference; explicitFileType = wrapper.application; includeInIndex = 0; path = RCLibrary.app; sourceTree = BUILT_PRODUCTS_DIR; };
		C8CD13B3161A8CE300F0AFF9 /* UIKit.framework */ = {isa = PBXFileReference; lastKnownFileType = wrapper.framework; name = UIKit.framework; path = System/Library/Frameworks/UIKit.framework; sourceTree = SDKROOT; };
		C8CD13B5161A8CE300F0AFF9 /* Foundation.framework */ = {isa = PBXFileReference; lastKnownFileType = wrapper.framework; name = Foundation.framework; path = System/Library/Frameworks/Foundation.framework; sourceTree = SDKROOT; };
		C8CD13B7161A8CE300F0AFF9 /* CoreGraphics.framework */ = {isa = PBXFileReference; lastKnownFileType = wrapper.framework; name = CoreGraphics.framework; path = System/Library/Frameworks/CoreGraphics.framework; sourceTree = SDKROOT; };
		C8CD13BB161A8CE300F0AFF9 /* RCLibrary-Info.plist */ = {isa = PBXFileReference; lastKnownFileType = text.plist.xml; path = "RCLibrary-Info.plist"; sourceTree = "<group>"; };
		C8CD13BD161A8CE300F0AFF9 /* en */ = {isa = PBXFileReference; lastKnownFileType = text.plist.strings; name = en; path = en.lproj/InfoPlist.strings; sourceTree = "<group>"; };
		C8CD13BF161A8CE300F0AFF9 /* main.m */ = {isa = PBXFileReference; lastKnownFileType = sourcecode.c.objc; path = main.m; sourceTree = "<group>"; };
		C8CD13C1161A8CE300F0AFF9 /* RCLibrary-Prefix.pch */ = {isa = PBXFileReference; lastKnownFileType = sourcecode.c.h; path = "RCLibrary-Prefix.pch"; sourceTree = "<group>"; };
		C8CD13C2161A8CE300F0AFF9 /* RCAppDelegate.h */ = {isa = PBXFileReference; lastKnownFileType = sourcecode.c.h; path = RCAppDelegate.h; sourceTree = "<group>"; };
		C8CD13C3161A8CE300F0AFF9 /* RCAppDelegate.m */ = {isa = PBXFileReference; lastKnownFileType = sourcecode.c.objc; path = RCAppDelegate.m; sourceTree = "<group>"; };
		C8CD13C5161A8CE300F0AFF9 /* Default.png */ = {isa = PBXFileReference; lastKnownFileType = image.png; path = Default.png; sourceTree = "<group>"; };
		C8CD13C7161A8CE300F0AFF9 /* Default@2x.png */ = {isa = PBXFileReference; lastKnownFileType = image.png; path = "Default@2x.png"; sourceTree = "<group>"; };
		C8CD13C9161A8CE300F0AFF9 /* Default-568h@2x.png */ = {isa = PBXFileReference; lastKnownFileType = image.png; path = "Default-568h@2x.png"; sourceTree = "<group>"; };
		C8CD13CB161A8CE300F0AFF9 /* RCViewController.h */ = {isa = PBXFileReference; lastKnownFileType = sourcecode.c.h; path = RCViewController.h; sourceTree = "<group>"; };
		C8CD13CC161A8CE300F0AFF9 /* RCViewController.m */ = {isa = PBXFileReference; lastKnownFileType = sourcecode.c.objc; path = RCViewController.m; sourceTree = "<group>"; };
		C8CD13CF161A8CE300F0AFF9 /* en */ = {isa = PBXFileReference; lastKnownFileType = file.xib; name = en; path = en.lproj/RCViewController.xib; sourceTree = "<group>"; };
		C8CD13D6161A8CE400F0AFF9 /* RCLibraryTests.octest */ = {isa = PBXFileReference; explicitFileType = wrapper.cfbundle; includeInIndex = 0; path = RCLibraryTests.octest; sourceTree = BUILT_PRODUCTS_DIR; };
		C8CD13D7161A8CE400F0AFF9 /* SenTestingKit.framework */ = {isa = PBXFileReference; lastKnownFileType = wrapper.framework; name = SenTestingKit.framework; path = Library/Frameworks/SenTestingKit.framework; sourceTree = DEVELOPER_DIR; };
		C8CD13DF161A8CE400F0AFF9 /* RCLibraryTests-Info.plist */ = {isa = PBXFileReference; lastKnownFileType = text.plist.xml; path = "RCLibraryTests-Info.plist"; sourceTree = "<group>"; };
		C8CD13E1161A8CE400F0AFF9 /* en */ = {isa = PBXFileReference; lastKnownFileType = text.plist.strings; name = en; path = en.lproj/InfoPlist.strings; sourceTree = "<group>"; };
		C8CD13E3161A8CE400F0AFF9 /* RCLibraryTests.h */ = {isa = PBXFileReference; lastKnownFileType = sourcecode.c.h; path = RCLibraryTests.h; sourceTree = "<group>"; };
		C8CD13E4161A8CE400F0AFF9 /* RCLibraryTests.m */ = {isa = PBXFileReference; lastKnownFileType = sourcecode.c.objc; path = RCLibraryTests.m; sourceTree = "<group>"; };
/* End PBXFileReference section */

/* Begin PBXFrameworksBuildPhase section */
		C8CD13AC161A8CE300F0AFF9 /* Frameworks */ = {
			isa = PBXFrameworksBuildPhase;
			buildActionMask = 2147483647;
			files = (
				C8CD13B4161A8CE300F0AFF9 /* UIKit.framework in Frameworks */,
				C8CD13B6161A8CE300F0AFF9 /* Foundation.framework in Frameworks */,
				C8CD13B8161A8CE300F0AFF9 /* CoreGraphics.framework in Frameworks */,
			);
			runOnlyForDeploymentPostprocessing = 0;
		};
		C8CD13D2161A8CE400F0AFF9 /* Frameworks */ = {
			isa = PBXFrameworksBuildPhase;
			buildActionMask = 2147483647;
			files = (
				C8CD13D8161A8CE400F0AFF9 /* SenTestingKit.framework in Frameworks */,
				C8CD13D9161A8CE400F0AFF9 /* UIKit.framework in Frameworks */,
				C8CD13DA161A8CE400F0AFF9 /* Foundation.framework in Frameworks */,
			);
			runOnlyForDeploymentPostprocessing = 0;
		};
/* End PBXFrameworksBuildPhase section */

/* Begin PBXGroup section */
		C8CD13A4161A8CE300F0AFF9 = {
			isa = PBXGroup;
			children = (
				C8CD13B9161A8CE300F0AFF9 /* RCLibrary */,
				C8CD13DD161A8CE400F0AFF9 /* RCLibraryTests */,
				C8CD13B2161A8CE300F0AFF9 /* Frameworks */,
				C8CD13B0161A8CE300F0AFF9 /* Products */,
			);
			sourceTree = "<group>";
		};
		C8CD13B0161A8CE300F0AFF9 /* Products */ = {
			isa = PBXGroup;
			children = (
				C8CD13AF161A8CE300F0AFF9 /* RCLibrary.app */,
				C8CD13D6161A8CE400F0AFF9 /* RCLibraryTests.octest */,
			);
			name = Products;
			sourceTree = "<group>";
		};
		C8CD13B2161A8CE300F0AFF9 /* Frameworks */ = {
			isa = PBXGroup;
			children = (
				C8CD13B3161A8CE300F0AFF9 /* UIKit.framework */,
				C8CD13B5161A8CE300F0AFF9 /* Foundation.framework */,
				C8CD13B7161A8CE300F0AFF9 /* CoreGraphics.framework */,
				C8CD13D7161A8CE400F0AFF9 /* SenTestingKit.framework */,
			);
			name = Frameworks;
			sourceTree = "<group>";
		};
		C8CD13B9161A8CE300F0AFF9 /* RCLibrary */ = {
			isa = PBXGroup;
			children = (
				C8CD13C2161A8CE300F0AFF9 /* RCAppDelegate.h */,
				C8CD13C3161A8CE300F0AFF9 /* RCAppDelegate.m */,
				C8CD13CB161A8CE300F0AFF9 /* RCViewController.h */,
				C8CD13CC161A8CE300F0AFF9 /* RCViewController.m */,
				C8CD13CE161A8CE300F0AFF9 /* RCViewController.xib */,
				C8CD13BA161A8CE300F0AFF9 /* Supporting Files */,
			);
			path = RCLibrary;
			sourceTree = "<group>";
		};
		C8CD13BA161A8CE300F0AFF9 /* Supporting Files */ = {
			isa = PBXGroup;
			children = (
				C8CD13BB161A8CE300F0AFF9 /* RCLibrary-Info.plist */,
				C8CD13BC161A8CE300F0AFF9 /* InfoPlist.strings */,
				C8CD13BF161A8CE300F0AFF9 /* main.m */,
				C8CD13C1161A8CE300F0AFF9 /* RCLibrary-Prefix.pch */,
				C8CD13C5161A8CE300F0AFF9 /* Default.png */,
				C8CD13C7161A8CE300F0AFF9 /* Default@2x.png */,
				C8CD13C9161A8CE300F0AFF9 /* Default-568h@2x.png */,
			);
			name = "Supporting Files";
			sourceTree = "<group>";
		};
		C8CD13DD161A8CE400F0AFF9 /* RCLibraryTests */ = {
			isa = PBXGroup;
			children = (
				C8CD13E3161A8CE400F0AFF9 /* RCLibraryTests.h */,
				C8CD13E4161A8CE400F0AFF9 /* RCLibraryTests.m */,
				C8CD13DE161A8CE400F0AFF9 /* Supporting Files */,
			);
			path = RCLibraryTests;
			sourceTree = "<group>";
		};
		C8CD13DE161A8CE400F0AFF9 /* Supporting Files */ = {
			isa = PBXGroup;
			children = (
				C8CD13DF161A8CE400F0AFF9 /* RCLibraryTests-Info.plist */,
				C8CD13E0161A8CE400F0AFF9 /* InfoPlist.strings */,
			);
			name = "Supporting Files";
			sourceTree = "<group>";
		};
/* End PBXGroup section */

/* Begin PBXNativeTarget section */
		C8CD13AE161A8CE300F0AFF9 /* RCLibrary */ = {
			isa = PBXNativeTarget;
			buildConfigurationList = C8CD13E8161A8CE400F0AFF9 /* Build configuration list for PBXNativeTarget "RCLibrary" */;
			buildPhases = (
				C8CD13AB161A8CE300F0AFF9 /* Sources */,
				C8CD13AC161A8CE300F0AFF9 /* Frameworks */,
				C8CD13AD161A8CE300F0AFF9 /* Resources */,
			);
			buildRules = (
			);
			dependencies = (
			);
			name = RCLibrary;
			productName = RCLibrary;
			productReference = C8CD13AF161A8CE300F0AFF9 /* RCLibrary.app */;
			productType = "com.apple.product-type.application";
		};
		C8CD13D5161A8CE400F0AFF9 /* RCLibraryTests */ = {
			isa = PBXNativeTarget;
			buildConfigurationList = C8CD13EB161A8CE400F0AFF9 /* Build configuration list for PBXNativeTarget "RCLibraryTests" */;
			buildPhases = (
				C8CD13D1161A8CE400F0AFF9 /* Sources */,
				C8CD13D2161A8CE400F0AFF9 /* Frameworks */,
				C8CD13D3161A8CE400F0AFF9 /* Resources */,
				C8CD13D4161A8CE400F0AFF9 /* ShellScript */,
			);
			buildRules = (
			);
			dependencies = (
				C8CD13DC161A8CE400F0AFF9 /* PBXTargetDependency */,
			);
			name = RCLibraryTests;
			productName = RCLibraryTests;
			productReference = C8CD13D6161A8CE400F0AFF9 /* RCLibraryTests.octest */;
			productType = "com.apple.product-type.bundle";
		};
/* End PBXNativeTarget section */

/* Begin PBXProject section */
		C8CD13A6161A8CE300F0AFF9 /* Project object */ = {
			isa = PBXProject;
			attributes = {
				CLASSPREFIX = RC;
				LastUpgradeCheck = 0450;
				ORGANIZATIONNAME = "Ryan Crosby";
			};
			buildConfigurationList = C8CD13A9161A8CE300F0AFF9 /* Build configuration list for PBXProject "RCLibrary" */;
			compatibilityVersion = "Xcode 3.2";
			developmentRegion = English;
			hasScannedForEncodings = 0;
			knownRegions = (
				en,
			);
			mainGroup = C8CD13A4161A8CE300F0AFF9;
			productRefGroup = C8CD13B0161A8CE300F0AFF9 /* Products */;
			projectDirPath = "";
			projectRoot = "";
			targets = (
				C8CD13AE161A8CE300F0AFF9 /* RCLibrary */,
				C8CD13D5161A8CE400F0AFF9 /* RCLibraryTests */,
			);
		};
/* End PBXProject section */

/* Begin PBXResourcesBuildPhase section */
		C8CD13AD161A8CE300F0AFF9 /* Resources */ = {
			isa = PBXResourcesBuildPhase;
			buildActionMask = 2147483647;
			files = (
				C8CD13BE161A8CE300F0AFF9 /* InfoPlist.strings in Resources */,
				C8CD13C6161A8CE300F0AFF9 /* Default.png in Resources */,
				C8CD13C8161A8CE300F0AFF9 /* Default@2x.png in Resources */,
				C8CD13CA161A8CE300F0AFF9 /* Default-568h@2x.png in Resources */,
				C8CD13D0161A8CE300F0AFF9 /* RCViewController.xib in Resources */,
			);
			runOnlyForDeploymentPostprocessing = 0;
		};
		C8CD13D3161A8CE400F0AFF9 /* Resources */ = {
			isa = PBXResourcesBuildPhase;
			buildActionMask = 2147483647;
			files = (
				C8CD13E2161A8CE400F0AFF9 /* InfoPlist.strings in Resources */,
			);
			runOnlyForDeploymentPostprocessing = 0;
		};
/* End PBXResourcesBuildPhase section */

/* Begin PBXShellScriptBuildPhase section */
		C8CD13D4161A8CE400F0AFF9 /* ShellScript */ = {
			isa = PBXShellScriptBuildPhase;
			buildActionMask = 2147483647;
			files = (
			);
			inputPaths = (
			);
			outputPaths = (
			);
			runOnlyForDeploymentPostprocessing = 0;
			shellPath = /bin/sh;
			shellScript = "# Run the unit tests in this test bundle.\n\"${SYSTEM_DEVELOPER_DIR}/Tools/RunUnitTests\"\n";
		};
/* End PBXShellScriptBuildPhase section */

/* Begin PBXSourcesBuildPhase section */
		C8CD13AB161A8CE300F0AFF9 /* Sources */ = {
			isa = PBXSourcesBuildPhase;
			buildActionMask = 2147483647;
			files = (
				C8CD13C0161A8CE300F0AFF9 /* main.m in Sources */,
				C8CD13C4161A8CE300F0AFF9 /* RCAppDelegate.m in Sources */,
				C8CD13CD161A8CE300F0AFF9 /* RCViewController.m in Sources */,
			);
			runOnlyForDeploymentPostprocessing = 0;
		};
		C8CD13D1161A8CE400F0AFF9 /* Sources */ = {
			isa = PBXSourcesBuildPhase;
			buildActionMask = 2147483647;
			files = (
				C8CD13E5161A8CE400F0AFF9 /* RCLibraryTests.m in Sources */,
			);
			runOnlyForDeploymentPostprocessing = 0;
		};
/* End PBXSourcesBuildPhase section */

/* Begin PBXTargetDependency section */
		C8CD13DC161A8CE400F0AFF9 /* PBXTargetDependency */ = {
			isa = PBXTargetDependency;
			target = C8CD13AE161A8CE300F0AFF9 /* RCLibrary */;
			targetProxy = C8CD13DB161A8CE400F0AFF9 /* PBXContainerItemProxy */;
		};
/* End PBXTargetDependency section */

/* Begin PBXVariantGroup section */
		C8CD13BC161A8CE300F0AFF9 /* InfoPlist.strings */ = {
			isa = PBXVariantGroup;
			children = (
				C8CD13BD161A8CE300F0AFF9 /* en */,
			);
			name = InfoPlist.strings;
			sourceTree = "<group>";
		};
		C8CD13CE161A8CE300F0AFF9 /* RCViewController.xib */ = {
			isa = PBXVariantGroup;
			children = (
				C8CD13CF161A8CE300F0AFF9 /* en */,
			);
			name = RCViewController.xib;
			sourceTree = "<group>";
		};
		C8CD13E0161A8CE400F0AFF9 /* InfoPlist.strings */ = {
			isa = PBXVariantGroup;
			children = (
				C8CD13E1161A8CE400F0AFF9 /* en */,
			);
			name = InfoPlist.strings;
			sourceTree = "<group>";
		};
/* End PBXVariantGroup section */

/* Begin XCBuildConfiguration section */
		C8CD13E6161A8CE400F0AFF9 /* Debug */ = {
			isa = XCBuildConfiguration;
			buildSettings = {
				ALWAYS_SEARCH_USER_PATHS = NO;
				CLANG_CXX_LANGUAGE_STANDARD = "gnu++0x";
				CLANG_CXX_LIBRARY = "libc++";
				CLANG_ENABLE_OBJC_ARC = YES;
				CLANG_WARN_EMPTY_BODY = YES;
				CLANG_WARN__DUPLICATE_METHOD_MATCH = YES;
				"CODE_SIGN_IDENTITY[sdk=iphoneos*]" = "iPhone Developer";
				COPY_PHASE_STRIP = NO;
				GCC_C_LANGUAGE_STANDARD = gnu99;
				GCC_DYNAMIC_NO_PIC = NO;
				GCC_OPTIMIZATION_LEVEL = 0;
				GCC_PREPROCESSOR_DEFINITIONS = (
					"DEBUG=1",
					"$(inherited)",
				);
				GCC_SYMBOLS_PRIVATE_EXTERN = NO;
				GCC_WARN_ABOUT_RETURN_TYPE = YES;
				GCC_WARN_UNINITIALIZED_AUTOS = YES;
				GCC_WARN_UNUSED_VARIABLE = YES;
				IPHONEOS_DEPLOYMENT_TARGET = 6.0;
				SDKROOT = iphoneos;
			};
			name = Debug;
		};
		C8CD13E7161A8CE400F0AFF9 /* Release */ = {
			isa = XCBuildConfiguration;
			buildSettings = {
				ALWAYS_SEARCH_USER_PATHS = NO;
				CLANG_CXX_LANGUAGE_STANDARD = "gnu++0x";
				CLANG_CXX_LIBRARY = "libc++";
				CLANG_ENABLE_OBJC_ARC = YES;
				CLANG_WARN_EMPTY_BODY = YES;
				CLANG_WARN__DUPLICATE_METHOD_MATCH = YES;
				"CODE_SIGN_IDENTITY[sdk=iphoneos*]" = "iPhone Developer";
				COPY_PHASE_STRIP = YES;
				GCC_C_LANGUAGE_STANDARD = gnu99;
				GCC_WARN_ABOUT_RETURN_TYPE = YES;
				GCC_WARN_UNINITIALIZED_AUTOS = YES;
				GCC_WARN_UNUSED_VARIABLE = YES;
				IPHONEOS_DEPLOYMENT_TARGET = 6.0;
				OTHER_CFLAGS = "-DNS_BLOCK_ASSERTIONS=1";
				SDKROOT = iphoneos;
				VALIDATE_PRODUCT = YES;
			};
			name = Release;
		};
		C8CD13E9161A8CE400F0AFF9 /* Debug */ = {
			isa = XCBuildConfiguration;
			buildSettings = {
				GCC_PRECOMPILE_PREFIX_HEADER = YES;
				GCC_PREFIX_HEADER = "RCLibrary/RCLibrary-Prefix.pch";
				INFOPLIST_FILE = "RCLibrary/RCLibrary-Info.plist";
				PRODUCT_NAME = "$(TARGET_NAME)";
				WRAPPER_EXTENSION = app;
			};
			name = Debug;
		};
		C8CD13EA161A8CE400F0AFF9 /* Release */ = {
			isa = XCBuildConfiguration;
			buildSettings = {
				GCC_PRECOMPILE_PREFIX_HEADER = YES;
				GCC_PREFIX_HEADER = "RCLibrary/RCLibrary-Prefix.pch";
				INFOPLIST_FILE = "RCLibrary/RCLibrary-Info.plist";
				PRODUCT_NAME = "$(TARGET_NAME)";
				WRAPPER_EXTENSION = app;
			};
			name = Release;
		};
		C8CD13EC161A8CE400F0AFF9 /* Debug */ = {
			isa = XCBuildConfiguration;
			buildSettings = {
				BUNDLE_LOADER = "$(BUILT_PRODUCTS_DIR)/RCLibrary.app/RCLibrary";
				FRAMEWORK_SEARCH_PATHS = (
					"\"$(SDKROOT)/Developer/Library/Frameworks\"",
					"\"$(DEVELOPER_LIBRARY_DIR)/Frameworks\"",
				);
				GCC_PRECOMPILE_PREFIX_HEADER = YES;
				GCC_PREFIX_HEADER = "RCLibrary/RCLibrary-Prefix.pch";
				INFOPLIST_FILE = "RCLibraryTests/RCLibraryTests-Info.plist";
				PRODUCT_NAME = "$(TARGET_NAME)";
				TEST_HOST = "$(BUNDLE_LOADER)";
				WRAPPER_EXTENSION = octest;
			};
			name = Debug;
		};
		C8CD13ED161A8CE400F0AFF9 /* Release */ = {
			isa = XCBuildConfiguration;
			buildSettings = {
				BUNDLE_LOADER = "$(BUILT_PRODUCTS_DIR)/RCLibrary.app/RCLibrary";
				FRAMEWORK_SEARCH_PATHS = (
					"\"$(SDKROOT)/Developer/Library/Frameworks\"",
					"\"$(DEVELOPER_LIBRARY_DIR)/Frameworks\"",
				);
				GCC_PRECOMPILE_PREFIX_HEADER = YES;
				GCC_PREFIX_HEADER = "RCLibrary/RCLibrary-Prefix.pch";
				INFOPLIST_FILE = "RCLibraryTests/RCLibraryTests-Info.plist";
				PRODUCT_NAME = "$(TARGET_NAME)";
				TEST_HOST = "$(BUNDLE_LOADER)";
				WRAPPER_EXTENSION = octest;
			};
			name = Release;
		};
/* End XCBuildConfiguration section */

/* Begin XCConfigurationList section */
		C8CD13A9161A8CE300F0AFF9 /* Build configuration list for PBXProject "RCLibrary" */ = {
			isa = XCConfigurationList;
			buildConfigurations = (
				C8CD13E6161A8CE400F0AFF9 /* Debug */,
				C8CD13E7161A8CE400F0AFF9 /* Release */,
			);
			defaultConfigurationIsVisible = 0;
			defaultConfigurationName = Release;
		};
		C8CD13E8161A8CE400F0AFF9 /* Build configuration list for PBXNativeTarget "RCLibrary" */ = {
			isa = XCConfigurationList;
			buildConfigurations = (
				C8CD13E9161A8CE400F0AFF9 /* Debug */,
				C8CD13EA161A8CE400F0AFF9 /* Release */,
			);
			defaultConfigurationIsVisible = 0;
		};
		C8CD13EB161A8CE400F0AFF9 /* Build configuration list for PBXNativeTarget "RCLibraryTests" */ = {
			isa = XCConfigurationList;
			buildConfigurations = (
				C8CD13EC161A8CE400F0AFF9 /* Debug */,
				C8CD13ED161A8CE400F0AFF9 /* Release */,
			);
			defaultConfigurationIsVisible = 0;
		};
/* End XCConfigurationList section */
	};
	rootObject = C8CD13A6161A8CE300F0AFF9 /* Project object */;
}
