// !$*UTF8*$!
{
	archiveVersion = 1;
	classes = {
	};
	objectVersion = 46;
	objects = {

/* Begin PBXBuildFile section */
		4E35B52659F5442DB5FD5BE4 /* libPods.a in Frameworks */ = {isa = PBXBuildFile; fileRef = C7A0121B6F0243D2853AD4C9 /* libPods.a */; };
		C8D860F218944D1800EBD18E /* Foundation.framework in Frameworks */ = {isa = PBXBuildFile; fileRef = C8D860F118944D1800EBD18E /* Foundation.framework */; };
		C8D860F418944D1800EBD18E /* CoreGraphics.framework in Frameworks */ = {isa = PBXBuildFile; fileRef = C8D860F318944D1800EBD18E /* CoreGraphics.framework */; };
		C8D860F618944D1800EBD18E /* UIKit.framework in Frameworks */ = {isa = PBXBuildFile; fileRef = C8D860F518944D1800EBD18E /* UIKit.framework */; };
		C8D860FC18944D1800EBD18E /* InfoPlist.strings in Resources */ = {isa = PBXBuildFile; fileRef = C8D860FA18944D1800EBD18E /* InfoPlist.strings */; };
		C8D860FE18944D1800EBD18E /* main.m in Sources */ = {isa = PBXBuildFile; fileRef = C8D860FD18944D1800EBD18E /* main.m */; };
		C8D8610218944D1800EBD18E /* ECAppDelegate.m in Sources */ = {isa = PBXBuildFile; fileRef = C8D8610118944D1800EBD18E /* ECAppDelegate.m */; };
		C8D8610B18944D1800EBD18E /* ECViewController.m in Sources */ = {isa = PBXBuildFile; fileRef = C8D8610A18944D1800EBD18E /* ECViewController.m */; };
		C8D8610D18944D1800EBD18E /* Images.xcassets in Resources */ = {isa = PBXBuildFile; fileRef = C8D8610C18944D1800EBD18E /* Images.xcassets */; };
		C8D8611418944D1800EBD18E /* XCTest.framework in Frameworks */ = {isa = PBXBuildFile; fileRef = C8D8611318944D1800EBD18E /* XCTest.framework */; };
		C8D8611518944D1800EBD18E /* Foundation.framework in Frameworks */ = {isa = PBXBuildFile; fileRef = C8D860F118944D1800EBD18E /* Foundation.framework */; };
		C8D8611618944D1800EBD18E /* UIKit.framework in Frameworks */ = {isa = PBXBuildFile; fileRef = C8D860F518944D1800EBD18E /* UIKit.framework */; };
		C8D8611E18944D1800EBD18E /* InfoPlist.strings in Resources */ = {isa = PBXBuildFile; fileRef = C8D8611C18944D1800EBD18E /* InfoPlist.strings */; };
		C8D8612018944D1800EBD18E /* ECExampleTests.m in Sources */ = {isa = PBXBuildFile; fileRef = C8D8611F18944D1800EBD18E /* ECExampleTests.m */; };
		C8D8612D18944E6600EBD18E /* ECDetailView.m in Sources */ = {isa = PBXBuildFile; fileRef = C8D8612A18944E6600EBD18E /* ECDetailView.m */; };
		C8D8612E18944E6600EBD18E /* ECTableViewSource.m in Sources */ = {isa = PBXBuildFile; fileRef = C8D8612C18944E6600EBD18E /* ECTableViewSource.m */; };
/* End PBXBuildFile section */

/* Begin PBXContainerItemProxy section */
		C8D8611718944D1800EBD18E /* PBXContainerItemProxy */ = {
			isa = PBXContainerItemProxy;
			containerPortal = C8D860E618944D1800EBD18E /* Project object */;
			proxyType = 1;
			remoteGlobalIDString = C8D860ED18944D1800EBD18E;
			remoteInfo = ECExample;
		};
/* End PBXContainerItemProxy section */

/* Begin PBXFileReference section */
		0AAB3B71AAA942948A00F2FC /* Pods.xcconfig */ = {isa = PBXFileReference; includeInIndex = 1; lastKnownFileType = text.xcconfig; name = Pods.xcconfig; path = Pods/Pods.xcconfig; sourceTree = "<group>"; };
		C7A0121B6F0243D2853AD4C9 /* libPods.a */ = {isa = PBXFileReference; explicitFileType = archive.ar; includeInIndex = 0; path = libPods.a; sourceTree = BUILT_PRODUCTS_DIR; };
		C8D860EE18944D1800EBD18E /* ECExample.app */ = {isa = PBXFileReference; explicitFileType = wrapper.application; includeInIndex = 0; path = ECExample.app; sourceTree = BUILT_PRODUCTS_DIR; };
		C8D860F118944D1800EBD18E /* Foundation.framework */ = {isa = PBXFileReference; lastKnownFileType = wrapper.framework; name = Foundation.framework; path = System/Library/Frameworks/Foundation.framework; sourceTree = SDKROOT; };
		C8D860F318944D1800EBD18E /* CoreGraphics.framework */ = {isa = PBXFileReference; lastKnownFileType = wrapper.framework; name = CoreGraphics.framework; path = System/Library/Frameworks/CoreGraphics.framework; sourceTree = SDKROOT; };
		C8D860F518944D1800EBD18E /* UIKit.framework */ = {isa = PBXFileReference; lastKnownFileType = wrapper.framework; name = UIKit.framework; path = System/Library/Frameworks/UIKit.framework; sourceTree = SDKROOT; };
		C8D860F918944D1800EBD18E /* ECExample-Info.plist */ = {isa = PBXFileReference; lastKnownFileType = text.plist.xml; path = "ECExample-Info.plist"; sourceTree = "<group>"; };
		C8D860FB18944D1800EBD18E /* en */ = {isa = PBXFileReference; lastKnownFileType = text.plist.strings; name = en; path = en.lproj/InfoPlist.strings; sourceTree = "<group>"; };
		C8D860FD18944D1800EBD18E /* main.m */ = {isa = PBXFileReference; lastKnownFileType = sourcecode.c.objc; path = main.m; sourceTree = "<group>"; };
		C8D860FF18944D1800EBD18E /* ECExample-Prefix.pch */ = {isa = PBXFileReference; lastKnownFileType = sourcecode.c.h; path = "ECExample-Prefix.pch"; sourceTree = "<group>"; };
		C8D8610018944D1800EBD18E /* ECAppDelegate.h */ = {isa = PBXFileReference; lastKnownFileType = sourcecode.c.h; path = ECAppDelegate.h; sourceTree = "<group>"; };
		C8D8610118944D1800EBD18E /* ECAppDelegate.m */ = {isa = PBXFileReference; lastKnownFileType = sourcecode.c.objc; path = ECAppDelegate.m; sourceTree = "<group>"; };
		C8D8610918944D1800EBD18E /* ECViewController.h */ = {isa = PBXFileReference; lastKnownFileType = sourcecode.c.h; path = ECViewController.h; sourceTree = "<group>"; };
		C8D8610A18944D1800EBD18E /* ECViewController.m */ = {isa = PBXFileReference; lastKnownFileType = sourcecode.c.objc; path = ECViewController.m; sourceTree = "<group>"; };
		C8D8610C18944D1800EBD18E /* Images.xcassets */ = {isa = PBXFileReference; lastKnownFileType = folder.assetcatalog; path = Images.xcassets; sourceTree = "<group>"; };
		C8D8611218944D1800EBD18E /* ECExampleTests.xctest */ = {isa = PBXFileReference; explicitFileType = wrapper.cfbundle; includeInIndex = 0; path = ECExampleTests.xctest; sourceTree = BUILT_PRODUCTS_DIR; };
		C8D8611318944D1800EBD18E /* XCTest.framework */ = {isa = PBXFileReference; lastKnownFileType = wrapper.framework; name = XCTest.framework; path = Library/Frameworks/XCTest.framework; sourceTree = DEVELOPER_DIR; };
		C8D8611B18944D1800EBD18E /* ECExampleTests-Info.plist */ = {isa = PBXFileReference; lastKnownFileType = text.plist.xml; path = "ECExampleTests-Info.plist"; sourceTree = "<group>"; };
		C8D8611D18944D1800EBD18E /* en */ = {isa = PBXFileReference; lastKnownFileType = text.plist.strings; name = en; path = en.lproj/InfoPlist.strings; sourceTree = "<group>"; };
		C8D8611F18944D1800EBD18E /* ECExampleTests.m */ = {isa = PBXFileReference; lastKnownFileType = sourcecode.c.objc; path = ECExampleTests.m; sourceTree = "<group>"; };
		C8D8612918944E6600EBD18E /* ECDetailView.h */ = {isa = PBXFileReference; fileEncoding = 4; lastKnownFileType = sourcecode.c.h; path = ECDetailView.h; sourceTree = "<group>"; };
		C8D8612A18944E6600EBD18E /* ECDetailView.m */ = {isa = PBXFileReference; fileEncoding = 4; lastKnownFileType = sourcecode.c.objc; path = ECDetailView.m; sourceTree = "<group>"; };
		C8D8612B18944E6600EBD18E /* ECTableViewSource.h */ = {isa = PBXFileReference; fileEncoding = 4; lastKnownFileType = sourcecode.c.h; path = ECTableViewSource.h; sourceTree = "<group>"; };
		C8D8612C18944E6600EBD18E /* ECTableViewSource.m */ = {isa = PBXFileReference; fileEncoding = 4; lastKnownFileType = sourcecode.c.objc; path = ECTableViewSource.m; sourceTree = "<group>"; };
/* End PBXFileReference section */

/* Begin PBXFrameworksBuildPhase section */
		C8D860EB18944D1800EBD18E /* Frameworks */ = {
			isa = PBXFrameworksBuildPhase;
			buildActionMask = 2147483647;
			files = (
				C8D860F418944D1800EBD18E /* CoreGraphics.framework in Frameworks */,
				C8D860F618944D1800EBD18E /* UIKit.framework in Frameworks */,
				C8D860F218944D1800EBD18E /* Foundation.framework in Frameworks */,
				4E35B52659F5442DB5FD5BE4 /* libPods.a in Frameworks */,
			);
			runOnlyForDeploymentPostprocessing = 0;
		};
		C8D8610F18944D1800EBD18E /* Frameworks */ = {
			isa = PBXFrameworksBuildPhase;
			buildActionMask = 2147483647;
			files = (
				C8D8611418944D1800EBD18E /* XCTest.framework in Frameworks */,
				C8D8611618944D1800EBD18E /* UIKit.framework in Frameworks */,
				C8D8611518944D1800EBD18E /* Foundation.framework in Frameworks */,
			);
			runOnlyForDeploymentPostprocessing = 0;
		};
/* End PBXFrameworksBuildPhase section */

/* Begin PBXGroup section */
		C8D860E518944D1800EBD18E = {
			isa = PBXGroup;
			children = (
				C8D860F718944D1800EBD18E /* ECExample */,
				C8D8611918944D1800EBD18E /* ECExampleTests */,
				C8D860F018944D1800EBD18E /* Frameworks */,
				C8D860EF18944D1800EBD18E /* Products */,
				0AAB3B71AAA942948A00F2FC /* Pods.xcconfig */,
			);
			sourceTree = "<group>";
		};
		C8D860EF18944D1800EBD18E /* Products */ = {
			isa = PBXGroup;
			children = (
				C8D860EE18944D1800EBD18E /* ECExample.app */,
				C8D8611218944D1800EBD18E /* ECExampleTests.xctest */,
			);
			name = Products;
			sourceTree = "<group>";
		};
		C8D860F018944D1800EBD18E /* Frameworks */ = {
			isa = PBXGroup;
			children = (
				C8D860F118944D1800EBD18E /* Foundation.framework */,
				C8D860F318944D1800EBD18E /* CoreGraphics.framework */,
				C8D860F518944D1800EBD18E /* UIKit.framework */,
				C8D8611318944D1800EBD18E /* XCTest.framework */,
				C7A0121B6F0243D2853AD4C9 /* libPods.a */,
			);
			name = Frameworks;
			sourceTree = "<group>";
		};
		C8D860F718944D1800EBD18E /* ECExample */ = {
			isa = PBXGroup;
			children = (
				C8D8612918944E6600EBD18E /* ECDetailView.h */,
				C8D8612A18944E6600EBD18E /* ECDetailView.m */,
				C8D8612B18944E6600EBD18E /* ECTableViewSource.h */,
				C8D8612C18944E6600EBD18E /* ECTableViewSource.m */,
				C8D8610018944D1800EBD18E /* ECAppDelegate.h */,
				C8D8610118944D1800EBD18E /* ECAppDelegate.m */,
				C8D8610918944D1800EBD18E /* ECViewController.h */,
				C8D8610A18944D1800EBD18E /* ECViewController.m */,
				C8D8610C18944D1800EBD18E /* Images.xcassets */,
				C8D860F818944D1800EBD18E /* Supporting Files */,
			);
			path = ECExample;
			sourceTree = "<group>";
		};
		C8D860F818944D1800EBD18E /* Supporting Files */ = {
			isa = PBXGroup;
			children = (
				C8D860F918944D1800EBD18E /* ECExample-Info.plist */,
				C8D860FA18944D1800EBD18E /* InfoPlist.strings */,
				C8D860FD18944D1800EBD18E /* main.m */,
				C8D860FF18944D1800EBD18E /* ECExample-Prefix.pch */,
			);
			name = "Supporting Files";
			sourceTree = "<group>";
		};
		C8D8611918944D1800EBD18E /* ECExampleTests */ = {
			isa = PBXGroup;
			children = (
				C8D8611F18944D1800EBD18E /* ECExampleTests.m */,
				C8D8611A18944D1800EBD18E /* Supporting Files */,
			);
			path = ECExampleTests;
			sourceTree = "<group>";
		};
		C8D8611A18944D1800EBD18E /* Supporting Files */ = {
			isa = PBXGroup;
			children = (
				C8D8611B18944D1800EBD18E /* ECExampleTests-Info.plist */,
				C8D8611C18944D1800EBD18E /* InfoPlist.strings */,
			);
			name = "Supporting Files";
			sourceTree = "<group>";
		};
/* End PBXGroup section */

/* Begin PBXNativeTarget section */
		C8D860ED18944D1800EBD18E /* ECExample */ = {
			isa = PBXNativeTarget;
			buildConfigurationList = C8D8612318944D1800EBD18E /* Build configuration list for PBXNativeTarget "ECExample" */;
			buildPhases = (
				A6E9DC4F74DA4244B8880500 /* Check Pods Manifest.lock */,
				C8D860EA18944D1800EBD18E /* Sources */,
				C8D860EB18944D1800EBD18E /* Frameworks */,
				C8D860EC18944D1800EBD18E /* Resources */,
				EAA1C06A53B64A71B388B6E9 /* Copy Pods Resources */,
			);
			buildRules = (
			);
			dependencies = (
			);
			name = ECExample;
			productName = ECExample;
			productReference = C8D860EE18944D1800EBD18E /* ECExample.app */;
			productType = "com.apple.product-type.application";
		};
		C8D8611118944D1800EBD18E /* ECExampleTests */ = {
			isa = PBXNativeTarget;
			buildConfigurationList = C8D8612618944D1800EBD18E /* Build configuration list for PBXNativeTarget "ECExampleTests" */;
			buildPhases = (
				C8D8610E18944D1800EBD18E /* Sources */,
				C8D8610F18944D1800EBD18E /* Frameworks */,
				C8D8611018944D1800EBD18E /* Resources */,
			);
			buildRules = (
			);
			dependencies = (
				C8D8611818944D1800EBD18E /* PBXTargetDependency */,
			);
			name = ECExampleTests;
			productName = ECExampleTests;
			productReference = C8D8611218944D1800EBD18E /* ECExampleTests.xctest */;
			productType = "com.apple.product-type.bundle.unit-test";
		};
/* End PBXNativeTarget section */

/* Begin PBXProject section */
		C8D860E618944D1800EBD18E /* Project object */ = {
			isa = PBXProject;
			attributes = {
				CLASSPREFIX = EC;
				LastUpgradeCheck = 0500;
				ORGANIZATIONNAME = EclecticCoder;
				TargetAttributes = {
					C8D8611118944D1800EBD18E = {
						TestTargetID = C8D860ED18944D1800EBD18E;
					};
				};
			};
			buildConfigurationList = C8D860E918944D1800EBD18E /* Build configuration list for PBXProject "ECExample" */;
			compatibilityVersion = "Xcode 3.2";
			developmentRegion = English;
			hasScannedForEncodings = 0;
			knownRegions = (
				en,
				Base,
			);
			mainGroup = C8D860E518944D1800EBD18E;
			productRefGroup = C8D860EF18944D1800EBD18E /* Products */;
			projectDirPath = "";
			projectRoot = "";
			targets = (
				C8D860ED18944D1800EBD18E /* ECExample */,
				C8D8611118944D1800EBD18E /* ECExampleTests */,
			);
		};
/* End PBXProject section */

/* Begin PBXResourcesBuildPhase section */
		C8D860EC18944D1800EBD18E /* Resources */ = {
			isa = PBXResourcesBuildPhase;
			buildActionMask = 2147483647;
			files = (
				C8D8610D18944D1800EBD18E /* Images.xcassets in Resources */,
				C8D860FC18944D1800EBD18E /* InfoPlist.strings in Resources */,
			);
			runOnlyForDeploymentPostprocessing = 0;
		};
		C8D8611018944D1800EBD18E /* Resources */ = {
			isa = PBXResourcesBuildPhase;
			buildActionMask = 2147483647;
			files = (
				C8D8611E18944D1800EBD18E /* InfoPlist.strings in Resources */,
			);
			runOnlyForDeploymentPostprocessing = 0;
		};
/* End PBXResourcesBuildPhase section */

/* Begin PBXShellScriptBuildPhase section */
		A6E9DC4F74DA4244B8880500 /* Check Pods Manifest.lock */ = {
			isa = PBXShellScriptBuildPhase;
			buildActionMask = 2147483647;
			files = (
			);
			inputPaths = (
			);
			name = "Check Pods Manifest.lock";
			outputPaths = (
			);
			runOnlyForDeploymentPostprocessing = 0;
			shellPath = /bin/sh;
			shellScript = "diff \"${PODS_ROOT}/../Podfile.lock\" \"${PODS_ROOT}/Manifest.lock\" > /dev/null\nif [[ $? != 0 ]] ; then\n    cat << EOM\nerror: The sandbox is not in sync with the Podfile.lock. Run 'pod install' or update your CocoaPods installation.\nEOM\n    exit 1\nfi\n";
			showEnvVarsInLog = 0;
		};
		EAA1C06A53B64A71B388B6E9 /* Copy Pods Resources */ = {
			isa = PBXShellScriptBuildPhase;
			buildActionMask = 2147483647;
			files = (
			);
			inputPaths = (
			);
			name = "Copy Pods Resources";
			outputPaths = (
			);
			runOnlyForDeploymentPostprocessing = 0;
			shellPath = /bin/sh;
			shellScript = "\"${SRCROOT}/Pods/Pods-resources.sh\"\n";
			showEnvVarsInLog = 0;
		};
/* End PBXShellScriptBuildPhase section */

/* Begin PBXSourcesBuildPhase section */
		C8D860EA18944D1800EBD18E /* Sources */ = {
			isa = PBXSourcesBuildPhase;
			buildActionMask = 2147483647;
			files = (
				C8D8610B18944D1800EBD18E /* ECViewController.m in Sources */,
				C8D8610218944D1800EBD18E /* ECAppDelegate.m in Sources */,
				C8D860FE18944D1800EBD18E /* main.m in Sources */,
				C8D8612D18944E6600EBD18E /* ECDetailView.m in Sources */,
				C8D8612E18944E6600EBD18E /* ECTableViewSource.m in Sources */,
			);
			runOnlyForDeploymentPostprocessing = 0;
		};
		C8D8610E18944D1800EBD18E /* Sources */ = {
			isa = PBXSourcesBuildPhase;
			buildActionMask = 2147483647;
			files = (
				C8D8612018944D1800EBD18E /* ECExampleTests.m in Sources */,
			);
			runOnlyForDeploymentPostprocessing = 0;
		};
/* End PBXSourcesBuildPhase section */

/* Begin PBXTargetDependency section */
		C8D8611818944D1800EBD18E /* PBXTargetDependency */ = {
			isa = PBXTargetDependency;
			target = C8D860ED18944D1800EBD18E /* ECExample */;
			targetProxy = C8D8611718944D1800EBD18E /* PBXContainerItemProxy */;
		};
/* End PBXTargetDependency section */

/* Begin PBXVariantGroup section */
		C8D860FA18944D1800EBD18E /* InfoPlist.strings */ = {
			isa = PBXVariantGroup;
			children = (
				C8D860FB18944D1800EBD18E /* en */,
			);
			name = InfoPlist.strings;
			sourceTree = "<group>";
		};
		C8D8611C18944D1800EBD18E /* InfoPlist.strings */ = {
			isa = PBXVariantGroup;
			children = (
				C8D8611D18944D1800EBD18E /* en */,
			);
			name = InfoPlist.strings;
			sourceTree = "<group>";
		};
/* End PBXVariantGroup section */

/* Begin XCBuildConfiguration section */
		C8D8612118944D1800EBD18E /* Debug */ = {
			isa = XCBuildConfiguration;
			buildSettings = {
				ALWAYS_SEARCH_USER_PATHS = NO;
				ARCHS = "$(ARCHS_STANDARD_INCLUDING_64_BIT)";
				CLANG_CXX_LANGUAGE_STANDARD = "gnu++0x";
				CLANG_CXX_LIBRARY = "libc++";
				CLANG_ENABLE_MODULES = YES;
				CLANG_ENABLE_OBJC_ARC = YES;
				CLANG_WARN_BOOL_CONVERSION = YES;
				CLANG_WARN_CONSTANT_CONVERSION = YES;
				CLANG_WARN_DIRECT_OBJC_ISA_USAGE = YES_ERROR;
				CLANG_WARN_EMPTY_BODY = YES;
				CLANG_WARN_ENUM_CONVERSION = YES;
				CLANG_WARN_INT_CONVERSION = YES;
				CLANG_WARN_OBJC_ROOT_CLASS = YES_ERROR;
				CLANG_WARN__DUPLICATE_METHOD_MATCH = YES;
				"CODE_SIGN_IDENTITY[sdk=iphoneos*]" = "iPhone Developer";
				COPY_PHASE_STRIP = NO;
				GCC_C_LANGUAGE_STANDARD = gnu99;
				GCC_DYNAMIC_NO_PIC = NO;
				GCC_OPTIMIZATION_LEVEL = 0;
				GCC_PREPROCESSOR_DEFINITIONS = (
					"DEBUG=1",
					"$(inherited)",
				);
				GCC_SYMBOLS_PRIVATE_EXTERN = NO;
				GCC_WARN_64_TO_32_BIT_CONVERSION = YES;
				GCC_WARN_ABOUT_RETURN_TYPE = YES_ERROR;
				GCC_WARN_UNDECLARED_SELECTOR = YES;
				GCC_WARN_UNINITIALIZED_AUTOS = YES;
				GCC_WARN_UNUSED_FUNCTION = YES;
				GCC_WARN_UNUSED_VARIABLE = YES;
				IPHONEOS_DEPLOYMENT_TARGET = 7.0;
				ONLY_ACTIVE_ARCH = YES;
				SDKROOT = iphoneos;
				TARGETED_DEVICE_FAMILY = "1,2";
			};
			name = Debug;
		};
		C8D8612218944D1800EBD18E /* Release */ = {
			isa = XCBuildConfiguration;
			buildSettings = {
				ALWAYS_SEARCH_USER_PATHS = NO;
				ARCHS = "$(ARCHS_STANDARD_INCLUDING_64_BIT)";
				CLANG_CXX_LANGUAGE_STANDARD = "gnu++0x";
				CLANG_CXX_LIBRARY = "libc++";
				CLANG_ENABLE_MODULES = YES;
				CLANG_ENABLE_OBJC_ARC = YES;
				CLANG_WARN_BOOL_CONVERSION = YES;
				CLANG_WARN_CONSTANT_CONVERSION = YES;
				CLANG_WARN_DIRECT_OBJC_ISA_USAGE = YES_ERROR;
				CLANG_WARN_EMPTY_BODY = YES;
				CLANG_WARN_ENUM_CONVERSION = YES;
				CLANG_WARN_INT_CONVERSION = YES;
				CLANG_WARN_OBJC_ROOT_CLASS = YES_ERROR;
				CLANG_WARN__DUPLICATE_METHOD_MATCH = YES;
				"CODE_SIGN_IDENTITY[sdk=iphoneos*]" = "iPhone Developer";
				COPY_PHASE_STRIP = YES;
				ENABLE_NS_ASSERTIONS = NO;
				GCC_C_LANGUAGE_STANDARD = gnu99;
				GCC_WARN_64_TO_32_BIT_CONVERSION = YES;
				GCC_WARN_ABOUT_RETURN_TYPE = YES_ERROR;
				GCC_WARN_UNDECLARED_SELECTOR = YES;
				GCC_WARN_UNINITIALIZED_AUTOS = YES;
				GCC_WARN_UNUSED_FUNCTION = YES;
				GCC_WARN_UNUSED_VARIABLE = YES;
				IPHONEOS_DEPLOYMENT_TARGET = 7.0;
				SDKROOT = iphoneos;
				TARGETED_DEVICE_FAMILY = "1,2";
				VALIDATE_PRODUCT = YES;
			};
			name = Release;
		};
		C8D8612418944D1800EBD18E /* Debug */ = {
			isa = XCBuildConfiguration;
			baseConfigurationReference = 0AAB3B71AAA942948A00F2FC /* Pods.xcconfig */;
			buildSettings = {
				ASSETCATALOG_COMPILER_APPICON_NAME = AppIcon;
				ASSETCATALOG_COMPILER_LAUNCHIMAGE_NAME = LaunchImage;
				GCC_PRECOMPILE_PREFIX_HEADER = YES;
				GCC_PREFIX_HEADER = "ECExample/ECExample-Prefix.pch";
				INFOPLIST_FILE = "ECExample/ECExample-Info.plist";
				PRODUCT_NAME = "$(TARGET_NAME)";
				WRAPPER_EXTENSION = app;
			};
			name = Debug;
		};
		C8D8612518944D1800EBD18E /* Release */ = {
			isa = XCBuildConfiguration;
			baseConfigurationReference = 0AAB3B71AAA942948A00F2FC /* Pods.xcconfig */;
			buildSettings = {
				ASSETCATALOG_COMPILER_APPICON_NAME = AppIcon;
				ASSETCATALOG_COMPILER_LAUNCHIMAGE_NAME = LaunchImage;
				GCC_PRECOMPILE_PREFIX_HEADER = YES;
				GCC_PREFIX_HEADER = "ECExample/ECExample-Prefix.pch";
				INFOPLIST_FILE = "ECExample/ECExample-Info.plist";
				PRODUCT_NAME = "$(TARGET_NAME)";
				WRAPPER_EXTENSION = app;
			};
			name = Release;
		};
		C8D8612718944D1800EBD18E /* Debug */ = {
			isa = XCBuildConfiguration;
			buildSettings = {
				ARCHS = "$(ARCHS_STANDARD_INCLUDING_64_BIT)";
				BUNDLE_LOADER = "$(BUILT_PRODUCTS_DIR)/ECExample.app/ECExample";
				FRAMEWORK_SEARCH_PATHS = (
					"$(SDKROOT)/Developer/Library/Frameworks",
					"$(inherited)",
					"$(DEVELOPER_FRAMEWORKS_DIR)",
				);
				GCC_PRECOMPILE_PREFIX_HEADER = YES;
				GCC_PREFIX_HEADER = "ECExample/ECExample-Prefix.pch";
				GCC_PREPROCESSOR_DEFINITIONS = (
					"DEBUG=1",
					"$(inherited)",
				);
				INFOPLIST_FILE = "ECExampleTests/ECExampleTests-Info.plist";
				PRODUCT_NAME = "$(TARGET_NAME)";
				TEST_HOST = "$(BUNDLE_LOADER)";
				WRAPPER_EXTENSION = xctest;
			};
			name = Debug;
		};
		C8D8612818944D1800EBD18E /* Release */ = {
			isa = XCBuildConfiguration;
			buildSettings = {
				ARCHS = "$(ARCHS_STANDARD_INCLUDING_64_BIT)";
				BUNDLE_LOADER = "$(BUILT_PRODUCTS_DIR)/ECExample.app/ECExample";
				FRAMEWORK_SEARCH_PATHS = (
					"$(SDKROOT)/Developer/Library/Frameworks",
					"$(inherited)",
					"$(DEVELOPER_FRAMEWORKS_DIR)",
				);
				GCC_PRECOMPILE_PREFIX_HEADER = YES;
				GCC_PREFIX_HEADER = "ECExample/ECExample-Prefix.pch";
				INFOPLIST_FILE = "ECExampleTests/ECExampleTests-Info.plist";
				PRODUCT_NAME = "$(TARGET_NAME)";
				TEST_HOST = "$(BUNDLE_LOADER)";
				WRAPPER_EXTENSION = xctest;
			};
			name = Release;
		};
/* End XCBuildConfiguration section */

/* Begin XCConfigurationList section */
		C8D860E918944D1800EBD18E /* Build configuration list for PBXProject "ECExample" */ = {
			isa = XCConfigurationList;
			buildConfigurations = (
				C8D8612118944D1800EBD18E /* Debug */,
				C8D8612218944D1800EBD18E /* Release */,
			);
			defaultConfigurationIsVisible = 0;
			defaultConfigurationName = Release;
		};
		C8D8612318944D1800EBD18E /* Build configuration list for PBXNativeTarget "ECExample" */ = {
			isa = XCConfigurationList;
			buildConfigurations = (
				C8D8612418944D1800EBD18E /* Debug */,
				C8D8612518944D1800EBD18E /* Release */,
			);
			defaultConfigurationIsVisible = 0;
			defaultConfigurationName = Release;
		};
		C8D8612618944D1800EBD18E /* Build configuration list for PBXNativeTarget "ECExampleTests" */ = {
			isa = XCConfigurationList;
			buildConfigurations = (
				C8D8612718944D1800EBD18E /* Debug */,
				C8D8612818944D1800EBD18E /* Release */,
			);
			defaultConfigurationIsVisible = 0;
			defaultConfigurationName = Release;
		};
/* End XCConfigurationList section */
	};
	rootObject = C8D860E618944D1800EBD18E /* Project object */;
}
